
Microsoft Visual Studio Solution File, Format Version 12.00
# Visual Studio Version 17
VisualStudioVersion = 17.5.002.0
MinimumVisualStudioVersion = 10.0.40219.1
Project("{9A19103F-16F7-4668-BE54-9A1E7A4F7556}") = "JwtAspNet", "JwtAspNet.csproj", "{DD7A8D7A-AC03-47A7-8710-E8B5D0FFEC32}"
EndProject
Global
	GlobalSection(SolutionConfigurationPlatforms) = preSolution
		Debug|Any CPU = Debug|Any CPU
		Release|Any CPU = Release|Any CPU
	EndGlobalSection
	GlobalSection(ProjectConfigurationPlatforms) = postSolution
		{DD7A8D7A-AC03-47A7-8710-E8B5D0FFEC32}.Debug|Any CPU.ActiveCfg = Debug|Any CPU
		{DD7A8D7A-AC03-47A7-8710-E8B5D0FFEC32}.Debug|Any CPU.Build.0 = Debug|Any CPU
		{DD7A8D7A-AC03-47A7-8710-E8B5D0FFEC32}.Release|Any CPU.ActiveCfg = Release|Any CPU
		{DD7A8D7A-AC03-47A7-8710-E8B5D0FFEC32}.Release|Any CPU.Build.0 = Release|Any CPU
	EndGlobalSection
	GlobalSection(SolutionProperties) = preSolution
		HideSolutionNode = FALSE
	EndGlobalSection
	GlobalSection(ExtensibilityGlobals) = postSolution
		SolutionGuid = {324832F8-3002-4BE3-9A07-C277B5BAA3AD}
	EndGlobalSection
EndGlobal
